
Microsoft Visual Studio Solution File, Format Version 12.00
# Visual Studio Version 17
VisualStudioVersion = 17.5.33424.131
MinimumVisualStudioVersion = 10.0.40219.1
Project("{9A19103F-16F7-4668-BE54-9A1E7A4F7556}") = "Paint", "Paint.csproj", "{A9A09859-5836-4E91-ADBB-BC9FED252DEC}"
EndProject
Global
	GlobalSection(SolutionConfigurationPlatforms) = preSolution
		Debug|Any CPU = Debug|Any CPU
		Release|Any CPU = Release|Any CPU
	EndGlobalSection
	GlobalSection(ProjectConfigurationPlatforms) = postSolution
		{A9A09859-5836-4E91-ADBB-BC9FED252DEC}.Debug|Any CPU.ActiveCfg = Debug|Any CPU
		{A9A09859-5836-4E91-ADBB-BC9FED252DEC}.Debug|Any CPU.Build.0 = Debug|Any CPU
		{A9A09859-5836-4E91-ADBB-BC9FED252DEC}.Release|Any CPU.ActiveCfg = Release|Any CPU
		{A9A09859-5836-4E91-ADBB-BC9FED252DEC}.Release|Any CPU.Build.0 = Release|Any CPU
	EndGlobalSection
	GlobalSection(SolutionProperties) = preSolution
		HideSolutionNode = FALSE
	EndGlobalSection
	GlobalSection(ExtensibilityGlobals) = postSolution
		SolutionGuid = {7CEE669C-AADC-48F7-83BA-A9CCFF12EC05}
	EndGlobalSection
EndGlobal
